# This file is @generated by PDM.
# It is not intended for manual editing.

[metadata]
groups = ["default", "dev"]
strategy = ["inherit_metadata"]
lock_version = "4.5.0"
content_hash = "sha256:86928af56f0ea94fb7bf2dabe0b6cafefc31052cec3f38b32753b53c85a5f750"

[[metadata.targets]]
requires_python = "==3.10.*"

[[package]]
name = "async-timeout"
version = "5.0.1"
requires_python = ">=3.8"
summary = "Timeout context manager for asyncio programs"
groups = ["default"]
marker = "python_full_version < \"3.11.3\""
files = [
    {file = "async_timeout-5.0.1-py3-none-any.whl", hash = "sha256:39e3809566ff85354557ec2398b55e096c8364bacac9405a7a1fa429e77fe76c"},
    {file = "async_timeout-5.0.1.tar.gz", hash = "sha256:d9321a7a3d5a6a5e187e824d2fa0793ce379a202935782d555d6e9d2735677d3"},
]

[[package]]
name = "bjoern"
version = "3.2.2"
summary = "A screamingly fast Python 2 + 3 WSGI server written in C."
groups = ["default"]
files = [
    {file = "bjoern-3.2.2.tar.gz", hash = "sha256:16e5a02a9a17a7f5f8bea0d7c58650e78ab80ead6fe3e390037573d4355baf31"},
]

[[package]]
name = "certifi"
version = "2025.7.14"
requires_python = ">=3.7"
summary = "Python package for providing Mozilla's CA Bundle."
groups = ["default"]
files = [
    {file = "certifi-2025.7.14-py3-none-any.whl", hash = "sha256:6b31f564a415d79ee77df69d757bb49a5bb53bd9f756cbbe24394ffd6fc1f4b2"},
    {file = "certifi-2025.7.14.tar.gz", hash = "sha256:8ea99dbdfaaf2ba2f9bac77b9249ef62ec5218e7c2b2e903378ed5fccf765995"},
]

[[package]]
name = "cffi"
version = "1.17.1"
requires_python = ">=3.8"
summary = "Foreign Function Interface for Python calling C code."
groups = ["default"]
marker = "platform_python_implementation == \"CPython\" and sys_platform == \"win32\""
dependencies = [
    "pycparser",
]
files = [
    {file = "cffi-1.17.1-cp310-cp310-macosx_10_9_x86_64.whl", hash = "sha256:df8b1c11f177bc2313ec4b2d46baec87a5f3e71fc8b45dab2ee7cae86d9aba14"},
    {file = "cffi-1.17.1-cp310-cp310-macosx_11_0_arm64.whl", hash = "sha256:8f2cdc858323644ab277e9bb925ad72ae0e67f69e804f4898c070998d50b1a67"},
    {file = "cffi-1.17.1-cp310-cp310-manylinux_2_12_i686.manylinux2010_i686.manylinux_2_17_i686.manylinux2014_i686.whl", hash = "sha256:edae79245293e15384b51f88b00613ba9f7198016a5948b5dddf4917d4d26382"},
    {file = "cffi-1.17.1-cp310-cp310-manylinux_2_17_aarch64.manylinux2014_aarch64.whl", hash = "sha256:45398b671ac6d70e67da8e4224a065cec6a93541bb7aebe1b198a61b58c7b702"},
    {file = "cffi-1.17.1-cp310-cp310-manylinux_2_17_ppc64le.manylinux2014_ppc64le.whl", hash = "sha256:ad9413ccdeda48c5afdae7e4fa2192157e991ff761e7ab8fdd8926f40b160cc3"},
    {file = "cffi-1.17.1-cp310-cp310-manylinux_2_17_s390x.manylinux2014_s390x.whl", hash = "sha256:5da5719280082ac6bd9aa7becb3938dc9f9cbd57fac7d2871717b1feb0902ab6"},
    {file = "cffi-1.17.1-cp310-cp310-manylinux_2_17_x86_64.manylinux2014_x86_64.whl", hash = "sha256:2bb1a08b8008b281856e5971307cc386a8e9c5b625ac297e853d36da6efe9c17"},
    {file = "cffi-1.17.1-cp310-cp310-musllinux_1_1_aarch64.whl", hash = "sha256:045d61c734659cc045141be4bae381a41d89b741f795af1dd018bfb532fd0df8"},
    {file = "cffi-1.17.1-cp310-cp310-musllinux_1_1_i686.whl", hash = "sha256:6883e737d7d9e4899a8a695e00ec36bd4e5e4f18fabe0aca0efe0a4b44cdb13e"},
    {file = "cffi-1.17.1-cp310-cp310-musllinux_1_1_x86_64.whl", hash = "sha256:6b8b4a92e1c65048ff98cfe1f735ef8f1ceb72e3d5f0c25fdb12087a23da22be"},
    {file = "cffi-1.17.1-cp310-cp310-win32.whl", hash = "sha256:c9c3d058ebabb74db66e431095118094d06abf53284d9c81f27300d0e0d8bc7c"},
    {file = "cffi-1.17.1-cp310-cp310-win_amd64.whl", hash = "sha256:0f048dcf80db46f0098ccac01132761580d28e28bc0f78ae0d58048063317e15"},
    {file = "cffi-1.17.1.tar.gz", hash = "sha256:1c39c6016c32bc48dd54561950ebd6836e1670f2ae46128f67cf49e789c52824"},
]

[[package]]
name = "charset-normalizer"
version = "3.4.2"
requires_python = ">=3.7"
summary = "The Real First Universal Charset Detector. Open, modern and actively maintained alternative to Chardet."
groups = ["default"]
files = [
    {file = "charset_normalizer-3.4.2-cp310-cp310-macosx_10_9_universal2.whl", hash = "sha256:7c48ed483eb946e6c04ccbe02c6b4d1d48e51944b6db70f697e089c193404941"},
    {file = "charset_normalizer-3.4.2-cp310-cp310-manylinux_2_17_aarch64.manylinux2014_aarch64.whl", hash = "sha256:b2d318c11350e10662026ad0eb71bb51c7812fc8590825304ae0bdd4ac283acd"},
    {file = "charset_normalizer-3.4.2-cp310-cp310-manylinux_2_17_ppc64le.manylinux2014_ppc64le.whl", hash = "sha256:9cbfacf36cb0ec2897ce0ebc5d08ca44213af24265bd56eca54bee7923c48fd6"},
    {file = "charset_normalizer-3.4.2-cp310-cp310-manylinux_2_17_s390x.manylinux2014_s390x.whl", hash = "sha256:18dd2e350387c87dabe711b86f83c9c78af772c748904d372ade190b5c7c9d4d"},
    {file = "charset_normalizer-3.4.2-cp310-cp310-manylinux_2_17_x86_64.manylinux2014_x86_64.whl", hash = "sha256:8075c35cd58273fee266c58c0c9b670947c19df5fb98e7b66710e04ad4e9ff86"},
    {file = "charset_normalizer-3.4.2-cp310-cp310-manylinux_2_5_i686.manylinux1_i686.manylinux_2_17_i686.manylinux2014_i686.whl", hash = "sha256:5bf4545e3b962767e5c06fe1738f951f77d27967cb2caa64c28be7c4563e162c"},
    {file = "charset_normalizer-3.4.2-cp310-cp310-musllinux_1_2_aarch64.whl", hash = "sha256:7a6ab32f7210554a96cd9e33abe3ddd86732beeafc7a28e9955cdf22ffadbab0"},
    {file = "charset_normalizer-3.4.2-cp310-cp310-musllinux_1_2_i686.whl", hash = "sha256:b33de11b92e9f75a2b545d6e9b6f37e398d86c3e9e9653c4864eb7e89c5773ef"},
    {file = "charset_normalizer-3.4.2-cp310-cp310-musllinux_1_2_ppc64le.whl", hash = "sha256:8755483f3c00d6c9a77f490c17e6ab0c8729e39e6390328e42521ef175380ae6"},
    {file = "charset_normalizer-3.4.2-cp310-cp310-musllinux_1_2_s390x.whl", hash = "sha256:68a328e5f55ec37c57f19ebb1fdc56a248db2e3e9ad769919a58672958e8f366"},
    {file = "charset_normalizer-3.4.2-cp310-cp310-musllinux_1_2_x86_64.whl", hash = "sha256:21b2899062867b0e1fde9b724f8aecb1af14f2778d69aacd1a5a1853a597a5db"},
    {file = "charset_normalizer-3.4.2-cp310-cp310-win32.whl", hash = "sha256:e8082b26888e2f8b36a042a58307d5b917ef2b1cacab921ad3323ef91901c71a"},
    {file = "charset_normalizer-3.4.2-cp310-cp310-win_amd64.whl", hash = "sha256:f69a27e45c43520f5487f27627059b64aaf160415589230992cec34c5e18a509"},
    {file = "charset_normalizer-3.4.2-py3-none-any.whl", hash = "sha256:7f56930ab0abd1c45cd15be65cc741c28b1c9a34876ce8c17a2fa107810c0af0"},
    {file = "charset_normalizer-3.4.2.tar.gz", hash = "sha256:5baececa9ecba31eff645232d59845c07aa030f0c81ee70184a90d35099a0e63"},
]

[[package]]
name = "gevent"
version = "25.5.1"
requires_python = ">=3.9"
summary = "Coroutine-based network library"
groups = ["default"]
dependencies = [
    "cffi>=1.17.1; platform_python_implementation == \"CPython\" and sys_platform == \"win32\"",
    "greenlet>=3.2.2; platform_python_implementation == \"CPython\"",
    "zope-event",
    "zope-interface",
]
files = [
    {file = "gevent-25.5.1-cp310-cp310-macosx_11_0_universal2.whl", hash = "sha256:8e5a0fab5e245b15ec1005b3666b0a2e867c26f411c8fe66ae1afe07174a30e9"},
    {file = "gevent-25.5.1-cp310-cp310-manylinux_2_17_aarch64.manylinux2014_aarch64.whl", hash = "sha256:c7b80a37f2fb45ee4a8f7e64b77dd8a842d364384046e394227b974a4e9c9a52"},
    {file = "gevent-25.5.1-cp310-cp310-manylinux_2_17_ppc64le.manylinux2014_ppc64le.whl", hash = "sha256:29ab729d50ae85077a68e0385f129f5b01052d01a0ae6d7fdc1824f5337905e4"},
    {file = "gevent-25.5.1-cp310-cp310-manylinux_2_17_s390x.manylinux2014_s390x.whl", hash = "sha256:80d20592aeabcc4e294fd441fd43d45cb537437fd642c374ea9d964622fad229"},
    {file = "gevent-25.5.1-cp310-cp310-manylinux_2_17_x86_64.manylinux2014_x86_64.whl", hash = "sha256:a8ba0257542ccbb72a8229dc34d00844ccdfba110417e4b7b34599548d0e20e9"},
    {file = "gevent-25.5.1-cp310-cp310-musllinux_1_2_aarch64.whl", hash = "sha256:cad0821dff998c7c60dd238f92cd61380342c47fb9e92e1a8705d9b5ac7c16e8"},
    {file = "gevent-25.5.1-cp310-cp310-musllinux_1_2_x86_64.whl", hash = "sha256:017a7384c0cd1a5907751c991535a0699596e89725468a7fc39228312e10efa1"},
    {file = "gevent-25.5.1-cp310-cp310-win_amd64.whl", hash = "sha256:469c86d02fccad7e2a3d82fe22237e47ecb376fbf4710bc18747b49c50716817"},
    {file = "gevent-25.5.1-pp310-pypy310_pp73-macosx_11_0_universal2.whl", hash = "sha256:60ad4ca9ca2c4cc8201b607c229cd17af749831e371d006d8a91303bb5568eb1"},
    {file = "gevent-25.5.1.tar.gz", hash = "sha256:582c948fa9a23188b890d0bc130734a506d039a2e5ad87dae276a456cc683e61"},
]

[[package]]
name = "greenlet"
version = "3.2.3"
requires_python = ">=3.9"
summary = "Lightweight in-process concurrent programming"
groups = ["default"]
marker = "platform_python_implementation == \"CPython\""
files = [
    {file = "greenlet-3.2.3-cp310-cp310-macosx_11_0_universal2.whl", hash = "sha256:1afd685acd5597349ee6d7a88a8bec83ce13c106ac78c196ee9dde7c04fe87be"},
    {file = "greenlet-3.2.3-cp310-cp310-manylinux2014_aarch64.manylinux_2_17_aarch64.whl", hash = "sha256:761917cac215c61e9dc7324b2606107b3b292a8349bdebb31503ab4de3f559ac"},
    {file = "greenlet-3.2.3-cp310-cp310-manylinux2014_ppc64le.manylinux_2_17_ppc64le.whl", hash = "sha256:a433dbc54e4a37e4fff90ef34f25a8c00aed99b06856f0119dcf09fbafa16392"},
    {file = "greenlet-3.2.3-cp310-cp310-manylinux2014_s390x.manylinux_2_17_s390x.whl", hash = "sha256:72e77ed69312bab0434d7292316d5afd6896192ac4327d44f3d613ecb85b037c"},
    {file = "greenlet-3.2.3-cp310-cp310-manylinux2014_x86_64.manylinux_2_17_x86_64.whl", hash = "sha256:68671180e3849b963649254a882cd544a3c75bfcd2c527346ad8bb53494444db"},
    {file = "greenlet-3.2.3-cp310-cp310-manylinux_2_24_x86_64.manylinux_2_28_x86_64.whl", hash = "sha256:49c8cfb18fb419b3d08e011228ef8a25882397f3a859b9fe1436946140b6756b"},
    {file = "greenlet-3.2.3-cp310-cp310-musllinux_1_1_aarch64.whl", hash = "sha256:efc6dc8a792243c31f2f5674b670b3a95d46fa1c6a912b8e310d6f542e7b0712"},
    {file = "greenlet-3.2.3-cp310-cp310-musllinux_1_1_x86_64.whl", hash = "sha256:731e154aba8e757aedd0781d4b240f1225b075b4409f1bb83b05ff410582cf00"},
    {file = "greenlet-3.2.3-cp310-cp310-win_amd64.whl", hash = "sha256:96c20252c2f792defe9a115d3287e14811036d51e78b3aaddbee23b69b216302"},
    {file = "greenlet-3.2.3.tar.gz", hash = "sha256:8b0dd8ae4c0d6f5e54ee55ba935eeb3d735a9b58a8a1e5b5cbab64e01a39f365"},
]

[[package]]
name = "gunicorn"
version = "23.0.0"
requires_python = ">=3.7"
summary = "WSGI HTTP Server for UNIX"
groups = ["dev"]
dependencies = [
    "importlib-metadata; python_version < \"3.8\"",
    "packaging",
]
files = [
    {file = "gunicorn-23.0.0-py3-none-any.whl", hash = "sha256:ec400d38950de4dfd418cff8328b2c8faed0edb0d517d3394e457c317908ca4d"},
    {file = "gunicorn-23.0.0.tar.gz", hash = "sha256:f014447a0101dc57e294f6c18ca6b40227a4c90e9bdb586042628030cba004ec"},
]

[[package]]
name = "hiredis"
version = "3.2.1"
requires_python = ">=3.8"
summary = "Python wrapper for hiredis"
groups = ["default"]
files = [
    {file = "hiredis-3.2.1-cp310-cp310-macosx_10_15_universal2.whl", hash = "sha256:add17efcbae46c5a6a13b244ff0b4a8fa079602ceb62290095c941b42e9d5dec"},
    {file = "hiredis-3.2.1-cp310-cp310-macosx_10_15_x86_64.whl", hash = "sha256:5fe955cc4f66c57df1ae8e5caf4de2925d43b5efab4e40859662311d1bcc5f54"},
    {file = "hiredis-3.2.1-cp310-cp310-macosx_11_0_arm64.whl", hash = "sha256:f9ad63cd9065820a43fb1efb8ed5ae85bb78f03ef5eb53f6bde47914708f5718"},
    {file = "hiredis-3.2.1-cp310-cp310-manylinux_2_17_aarch64.manylinux2014_aarch64.whl", hash = "sha256:d8e7f9e5fdba08841d78d4e1450cae03a4dbed2eda8a4084673cafa5615ce24a"},
    {file = "hiredis-3.2.1-cp310-cp310-manylinux_2_17_i686.manylinux2014_i686.whl", hash = "sha256:1dce2508eca5d4e47ef38bc7c0724cb45abcdb0089f95a2ef49baf52882979a8"},
    {file = "hiredis-3.2.1-cp310-cp310-manylinux_2_17_ppc64le.manylinux2014_ppc64le.whl", hash = "sha256:186428bf353e4819abae15aa2ad64c3f40499d596ede280fe328abb9e98e72ce"},
    {file = "hiredis-3.2.1-cp310-cp310-manylinux_2_17_s390x.manylinux2014_s390x.whl", hash = "sha256:74f2500d90a0494843aba7abcdc3e77f859c502e0892112d708c02e1dcae8f90"},
    {file = "hiredis-3.2.1-cp310-cp310-manylinux_2_17_x86_64.manylinux2014_x86_64.whl", hash = "sha256:32822a94d2fdd1da96c05b22fdeef6d145d8fdbd865ba2f273f45eb949e4a805"},
    {file = "hiredis-3.2.1-cp310-cp310-musllinux_1_2_aarch64.whl", hash = "sha256:ead809fb08dd4fdb5b4b6e2999c834e78c3b0c450a07c3ed88983964432d0c64"},
    {file = "hiredis-3.2.1-cp310-cp310-musllinux_1_2_i686.whl", hash = "sha256:b90fada20301c3a257e868dd6a4694febc089b2b6d893fa96a3fc6c1f9ab4340"},
    {file = "hiredis-3.2.1-cp310-cp310-musllinux_1_2_ppc64le.whl", hash = "sha256:6d8bff53f526da3d9db86c8668011e4f7ca2958ee3a46c648edab6fe2cd1e709"},
    {file = "hiredis-3.2.1-cp310-cp310-musllinux_1_2_s390x.whl", hash = "sha256:043d929ae262d03e1db0f08616e14504a9119c1ff3de13d66f857d85cd45caff"},
    {file = "hiredis-3.2.1-cp310-cp310-musllinux_1_2_x86_64.whl", hash = "sha256:8d470fef39d02dbe5c541ec345cc4ffd7d2baec7d6e59c92bd9d9545dc221829"},
    {file = "hiredis-3.2.1-cp310-cp310-win32.whl", hash = "sha256:efa4c76c45cc8c42228c7989b279fa974580e053b5e6a4a834098b5324b9eafa"},
    {file = "hiredis-3.2.1-cp310-cp310-win_amd64.whl", hash = "sha256:cbac5ec3a620b095c46ef3a8f1f06da9c86c1cdc411d44a5f538876c39a2b321"},
    {file = "hiredis-3.2.1-pp310-pypy310_pp73-macosx_10_15_x86_64.whl", hash = "sha256:73913d2fa379e722d17ba52f21ce12dd578140941a08efd73e73b6fab1dea4d8"},
    {file = "hiredis-3.2.1-pp310-pypy310_pp73-macosx_11_0_arm64.whl", hash = "sha256:15a3dff3eca31ecbf3d7d6d104cf1b318dc2b013bad3f4bdb2839cb9ea2e1584"},
    {file = "hiredis-3.2.1-pp310-pypy310_pp73-manylinux_2_17_aarch64.manylinux2014_aarch64.whl", hash = "sha256:c78258032c2f9fc6f39fee7b07882ce26de281e09178266ce535992572132d95"},
    {file = "hiredis-3.2.1-pp310-pypy310_pp73-manylinux_2_17_i686.manylinux2014_i686.whl", hash = "sha256:578d6a881e64e46db065256355594e680202c3bacf3270be3140057171d2c23e"},
    {file = "hiredis-3.2.1-pp310-pypy310_pp73-manylinux_2_17_x86_64.manylinux2014_x86_64.whl", hash = "sha256:8b7f34b170093c077c972b8cc0ceb15d8ff88ad0079751a8ae9733e94d77e733"},
    {file = "hiredis-3.2.1-pp310-pypy310_pp73-win_amd64.whl", hash = "sha256:291a18b228fc90f6720d178de2fac46522082c96330b4cc2d3dd8cb2c1cb2815"},
    {file = "hiredis-3.2.1.tar.gz", hash = "sha256:5a5f64479bf04dd829fe7029fad0ea043eac4023abc6e946668cbbec3493a78d"},
]

[[package]]
name = "huey"
version = "2.5.3"
summary = "huey, a little task queue"
groups = ["default"]
files = [
    {file = "huey-2.5.3.tar.gz", hash = "sha256:089fc72b97fd26a513f15b09925c56fad6abe4a699a1f0e902170b37e85163c7"},
]

[[package]]
name = "idna"
version = "3.10"
requires_python = ">=3.6"
summary = "Internationalized Domain Names in Applications (IDNA)"
groups = ["default"]
files = [
    {file = "idna-3.10-py3-none-any.whl", hash = "sha256:946d195a0d259cbba61165e88e65941f16e9b36ea6ddb97f00452bae8b1287d3"},
    {file = "idna-3.10.tar.gz", hash = "sha256:12f65c9b470abda6dc35cf8e63cc574b1c52b11df2c86030af0ac09b01b13ea9"},
]

[[package]]
name = "orjson"
version = "3.11.1"
requires_python = ">=3.9"
summary = "Fast, correct Python JSON library supporting dataclasses, datetimes, and numpy"
groups = ["default"]
files = [
    {file = "orjson-3.11.1-cp310-cp310-macosx_10_15_x86_64.macosx_11_0_arm64.macosx_10_15_universal2.whl", hash = "sha256:92d771c492b64119456afb50f2dff3e03a2db8b5af0eba32c5932d306f970532"},
    {file = "orjson-3.11.1-cp310-cp310-manylinux_2_17_aarch64.manylinux2014_aarch64.whl", hash = "sha256:0085ef83a4141c2ed23bfec5fecbfdb1e95dd42fc8e8c76057bdeeec1608ea65"},
    {file = "orjson-3.11.1-cp310-cp310-manylinux_2_17_armv7l.manylinux2014_armv7l.whl", hash = "sha256:5caf7f13f2e1b4e137060aed892d4541d07dabc3f29e6d891e2383c7ed483440"},
    {file = "orjson-3.11.1-cp310-cp310-manylinux_2_17_i686.manylinux2014_i686.whl", hash = "sha256:f716bcc166524eddfcf9f13f8209ac19a7f27b05cf591e883419079d98c8c99d"},
    {file = "orjson-3.11.1-cp310-cp310-manylinux_2_17_ppc64le.manylinux2014_ppc64le.whl", hash = "sha256:507d6012fab05465d8bf21f5d7f4635ba4b6d60132874e349beff12fb51af7fe"},
    {file = "orjson-3.11.1-cp310-cp310-manylinux_2_17_s390x.manylinux2014_s390x.whl", hash = "sha256:b1545083b0931f754c80fd2422a73d83bea7a6d1b6de104a5f2c8dd3d64c291e"},
    {file = "orjson-3.11.1-cp310-cp310-manylinux_2_17_x86_64.manylinux2014_x86_64.whl", hash = "sha256:9e217ce3bad76351e1eb29ebe5ca630326f45cd2141f62620107a229909501a3"},
    {file = "orjson-3.11.1-cp310-cp310-musllinux_1_2_aarch64.whl", hash = "sha256:06ef26e009304bda4df42e4afe518994cde6f89b4b04c0ff24021064f83f4fbb"},
    {file = "orjson-3.11.1-cp310-cp310-musllinux_1_2_armv7l.whl", hash = "sha256:ba49683b87bea3ae1489a88e766e767d4f423a669a61270b6d6a7ead1c33bd65"},
    {file = "orjson-3.11.1-cp310-cp310-musllinux_1_2_i686.whl", hash = "sha256:5072488fcc5cbcda2ece966d248e43ea1d222e19dd4c56d3f82747777f24d864"},
    {file = "orjson-3.11.1-cp310-cp310-musllinux_1_2_x86_64.whl", hash = "sha256:f58ae2bcd119226fe4aa934b5880fe57b8e97b69e51d5d91c88a89477a307016"},
    {file = "orjson-3.11.1-cp310-cp310-win32.whl", hash = "sha256:6723be919c07906781b9c63cc52dc7d2fb101336c99dd7e85d3531d73fb493f7"},
    {file = "orjson-3.11.1-cp310-cp310-win_amd64.whl", hash = "sha256:5fd44d69ddfdfb4e8d0d83f09d27a4db34930fba153fbf79f8d4ae8b47914e04"},
    {file = "orjson-3.11.1.tar.gz", hash = "sha256:48d82770a5fd88778063604c566f9c7c71820270c9cc9338d25147cbf34afd96"},
]

[[package]]
name = "packaging"
version = "25.0"
requires_python = ">=3.8"
summary = "Core utilities for Python packages"
groups = ["dev"]
files = [
    {file = "packaging-25.0-py3-none-any.whl", hash = "sha256:29572ef2b1f17581046b3a2227d5c611fb25ec70ca1ba8554b24b0e69331a484"},
    {file = "packaging-25.0.tar.gz", hash = "sha256:d443872c98d677bf60f6a1f2f8c1cb748e8fe762d2bf9d3148b5599295b0fc4f"},
]

[[package]]
name = "pycparser"
version = "2.22"
requires_python = ">=3.8"
summary = "C parser in Python"
groups = ["default"]
marker = "platform_python_implementation == \"CPython\" and sys_platform == \"win32\""
files = [
    {file = "pycparser-2.22-py3-none-any.whl", hash = "sha256:c3702b6d3dd8c7abc1afa565d7e63d53a1d0bd86cdc24edd75470f4de499cfcc"},
    {file = "pycparser-2.22.tar.gz", hash = "sha256:491c8be9c040f5390f5bf44a5b07752bd07f56edf992381b05c701439eec10f6"},
]

[[package]]
name = "redis"
version = "6.2.0"
requires_python = ">=3.9"
summary = "Python client for Redis database and key-value store"
groups = ["default"]
dependencies = [
    "async-timeout>=4.0.3; python_full_version < \"3.11.3\"",
]
files = [
    {file = "redis-6.2.0-py3-none-any.whl", hash = "sha256:c8ddf316ee0aab65f04a11229e94a64b2618451dab7a67cb2f77eb799d872d5e"},
    {file = "redis-6.2.0.tar.gz", hash = "sha256:e821f129b75dde6cb99dd35e5c76e8c49512a5a0d8dfdc560b2fbd44b85ca977"},
]

[[package]]
name = "requests"
version = "2.32.4"
requires_python = ">=3.8"
summary = "Python HTTP for Humans."
groups = ["default"]
dependencies = [
    "certifi>=2017.4.17",
    "charset-normalizer<4,>=2",
    "idna<4,>=2.5",
    "urllib3<3,>=1.21.1",
]
files = [
    {file = "requests-2.32.4-py3-none-any.whl", hash = "sha256:27babd3cda2a6d50b30443204ee89830707d396671944c998b5975b031ac2b2c"},
    {file = "requests-2.32.4.tar.gz", hash = "sha256:27d0316682c8a29834d3264820024b62a36942083d52caf2f14c0591336d3422"},
]

[[package]]
name = "setuptools"
version = "80.9.0"
requires_python = ">=3.9"
summary = "Easily download, build, install, upgrade, and uninstall Python packages"
groups = ["default"]
files = [
    {file = "setuptools-80.9.0-py3-none-any.whl", hash = "sha256:062d34222ad13e0cc312a4c02d73f059e86a4acbfbdea8f8f76b28c99f306922"},
    {file = "setuptools-80.9.0.tar.gz", hash = "sha256:f36b47402ecde768dbfafc46e8e4207b4360c654f1f3bb84475f0a28628fb19c"},
]

[[package]]
name = "urllib3"
version = "2.5.0"
requires_python = ">=3.9"
summary = "HTTP library with thread-safe connection pooling, file post, and more."
groups = ["default"]
files = [
    {file = "urllib3-2.5.0-py3-none-any.whl", hash = "sha256:e6b01673c0fa6a13e374b50871808eb3bf7046c4b125b216f6bf1cc604cff0dc"},
    {file = "urllib3-2.5.0.tar.gz", hash = "sha256:3fc47733c7e419d4bc3f6b3dc2b4f890bb743906a30d56ba4a5bfa4bbff92760"},
]

[[package]]
name = "zope-event"
version = "5.1.1"
requires_python = ">=3.9"
summary = "Very basic event publishing system"
groups = ["default"]
dependencies = [
    "setuptools>=75.8.2",
]
files = [
    {file = "zope_event-5.1.1-py3-none-any.whl", hash = "sha256:8d5ea7b992c42ce73a6fa9c2ba99a004c52cd9f05d87f3220768ef0329b92df7"},
    {file = "zope_event-5.1.1.tar.gz", hash = "sha256:c1ac931abf57efba71a2a313c5f4d57768a19b15c37e3f02f50eb1536be12d4e"},
]

[[package]]
name = "zope-interface"
version = "7.2"
requires_python = ">=3.8"
summary = "Interfaces for Python"
groups = ["default"]
dependencies = [
    "setuptools",
]
files = [
    {file = "zope.interface-7.2-cp310-cp310-macosx_10_9_x86_64.whl", hash = "sha256:ce290e62229964715f1011c3dbeab7a4a1e4971fd6f31324c4519464473ef9f2"},
    {file = "zope.interface-7.2-cp310-cp310-macosx_11_0_arm64.whl", hash = "sha256:05b910a5afe03256b58ab2ba6288960a2892dfeef01336dc4be6f1b9ed02ab0a"},
    {file = "zope.interface-7.2-cp310-cp310-manylinux_2_17_aarch64.manylinux2014_aarch64.whl", hash = "sha256:550f1c6588ecc368c9ce13c44a49b8d6b6f3ca7588873c679bd8fd88a1b557b6"},
    {file = "zope.interface-7.2-cp310-cp310-manylinux_2_5_i686.manylinux1_i686.manylinux_2_17_i686.manylinux2014_i686.whl", hash = "sha256:0ef9e2f865721553c6f22a9ff97da0f0216c074bd02b25cf0d3af60ea4d6931d"},
    {file = "zope.interface-7.2-cp310-cp310-manylinux_2_5_x86_64.manylinux1_x86_64.manylinux_2_17_x86_64.manylinux2014_x86_64.whl", hash = "sha256:27f926f0dcb058211a3bb3e0e501c69759613b17a553788b2caeb991bed3b61d"},
    {file = "zope.interface-7.2-cp310-cp310-win_amd64.whl", hash = "sha256:144964649eba4c5e4410bb0ee290d338e78f179cdbfd15813de1a664e7649b3b"},
    {file = "zope.interface-7.2.tar.gz", hash = "sha256:8b49f1a3d1ee4cdaf5b32d2e738362c7f5e40ac8b46dd7d1a65e82a4872728fe"},
]
