# This file is @generated by PDM.
# It is not intended for manual editing.

[metadata]
groups = ["default", "dev"]
strategy = ["inherit_metadata"]
lock_version = "4.5.0"
content_hash = "sha256:2bae13cd4b5024a9745bc330cad6f1f59fc7d899d2eb45b1ec4be6a22b055216"

[[metadata.targets]]
requires_python = "==3.11.*"

[[package]]
name = "async-timeout"
version = "5.0.1"
requires_python = ">=3.8"
summary = "Timeout context manager for asyncio programs"
groups = ["default"]
marker = "python_full_version < \"3.11.3\""
files = [
    {file = "async_timeout-5.0.1-py3-none-any.whl", hash = "sha256:39e3809566ff85354557ec2398b55e096c8364bacac9405a7a1fa429e77fe76c"},
    {file = "async_timeout-5.0.1.tar.gz", hash = "sha256:d9321a7a3d5a6a5e187e824d2fa0793ce379a202935782d555d6e9d2735677d3"},
]

[[package]]
name = "bjoern"
version = "3.2.2"
summary = "A screamingly fast Python 2 + 3 WSGI server written in C."
groups = ["default"]
files = [
    {file = "bjoern-3.2.2.tar.gz", hash = "sha256:16e5a02a9a17a7f5f8bea0d7c58650e78ab80ead6fe3e390037573d4355baf31"},
]

[[package]]
name = "certifi"
version = "2025.7.14"
requires_python = ">=3.7"
summary = "Python package for providing Mozilla's CA Bundle."
groups = ["default"]
files = [
    {file = "certifi-2025.7.14-py3-none-any.whl", hash = "sha256:6b31f564a415d79ee77df69d757bb49a5bb53bd9f756cbbe24394ffd6fc1f4b2"},
    {file = "certifi-2025.7.14.tar.gz", hash = "sha256:8ea99dbdfaaf2ba2f9bac77b9249ef62ec5218e7c2b2e903378ed5fccf765995"},
]

[[package]]
name = "cffi"
version = "1.17.1"
requires_python = ">=3.8"
summary = "Foreign Function Interface for Python calling C code."
groups = ["default"]
marker = "platform_python_implementation == \"CPython\" and sys_platform == \"win32\""
dependencies = [
    "pycparser",
]
files = [
    {file = "cffi-1.17.1-cp311-cp311-macosx_10_9_x86_64.whl", hash = "sha256:a45e3c6913c5b87b3ff120dcdc03f6131fa0065027d0ed7ee6190736a74cd401"},
    {file = "cffi-1.17.1-cp311-cp311-macosx_11_0_arm64.whl", hash = "sha256:30c5e0cb5ae493c04c8b42916e52ca38079f1b235c2f8ae5f4527b963c401caf"},
    {file = "cffi-1.17.1-cp311-cp311-manylinux_2_12_i686.manylinux2010_i686.manylinux_2_17_i686.manylinux2014_i686.whl", hash = "sha256:f75c7ab1f9e4aca5414ed4d8e5c0e303a34f4421f8a0d47a4d019ceff0ab6af4"},
    {file = "cffi-1.17.1-cp311-cp311-manylinux_2_17_aarch64.manylinux2014_aarch64.whl", hash = "sha256:a1ed2dd2972641495a3ec98445e09766f077aee98a1c896dcb4ad0d303628e41"},
    {file = "cffi-1.17.1-cp311-cp311-manylinux_2_17_ppc64le.manylinux2014_ppc64le.whl", hash = "sha256:46bf43160c1a35f7ec506d254e5c890f3c03648a4dbac12d624e4490a7046cd1"},
    {file = "cffi-1.17.1-cp311-cp311-manylinux_2_17_s390x.manylinux2014_s390x.whl", hash = "sha256:a24ed04c8ffd54b0729c07cee15a81d964e6fee0e3d4d342a27b020d22959dc6"},
    {file = "cffi-1.17.1-cp311-cp311-manylinux_2_17_x86_64.manylinux2014_x86_64.whl", hash = "sha256:610faea79c43e44c71e1ec53a554553fa22321b65fae24889706c0a84d4ad86d"},
    {file = "cffi-1.17.1-cp311-cp311-musllinux_1_1_aarch64.whl", hash = "sha256:a9b15d491f3ad5d692e11f6b71f7857e7835eb677955c00cc0aefcd0669adaf6"},
    {file = "cffi-1.17.1-cp311-cp311-musllinux_1_1_i686.whl", hash = "sha256:de2ea4b5833625383e464549fec1bc395c1bdeeb5f25c4a3a82b5a8c756ec22f"},
    {file = "cffi-1.17.1-cp311-cp311-musllinux_1_1_x86_64.whl", hash = "sha256:fc48c783f9c87e60831201f2cce7f3b2e4846bf4d8728eabe54d60700b318a0b"},
    {file = "cffi-1.17.1-cp311-cp311-win32.whl", hash = "sha256:85a950a4ac9c359340d5963966e3e0a94a676bd6245a4b55bc43949eee26a655"},
    {file = "cffi-1.17.1-cp311-cp311-win_amd64.whl", hash = "sha256:caaf0640ef5f5517f49bc275eca1406b0ffa6aa184892812030f04c2abf589a0"},
    {file = "cffi-1.17.1.tar.gz", hash = "sha256:1c39c6016c32bc48dd54561950ebd6836e1670f2ae46128f67cf49e789c52824"},
]

[[package]]
name = "charset-normalizer"
version = "3.4.2"
requires_python = ">=3.7"
summary = "The Real First Universal Charset Detector. Open, modern and actively maintained alternative to Chardet."
groups = ["default"]
files = [
    {file = "charset_normalizer-3.4.2-cp311-cp311-macosx_10_9_universal2.whl", hash = "sha256:be1e352acbe3c78727a16a455126d9ff83ea2dfdcbc83148d2982305a04714c2"},
    {file = "charset_normalizer-3.4.2-cp311-cp311-manylinux_2_17_aarch64.manylinux2014_aarch64.whl", hash = "sha256:aa88ca0b1932e93f2d961bf3addbb2db902198dca337d88c89e1559e066e7645"},
    {file = "charset_normalizer-3.4.2-cp311-cp311-manylinux_2_17_ppc64le.manylinux2014_ppc64le.whl", hash = "sha256:d524ba3f1581b35c03cb42beebab4a13e6cdad7b36246bd22541fa585a56cccd"},
    {file = "charset_normalizer-3.4.2-cp311-cp311-manylinux_2_17_s390x.manylinux2014_s390x.whl", hash = "sha256:28a1005facc94196e1fb3e82a3d442a9d9110b8434fc1ded7a24a2983c9888d8"},
    {file = "charset_normalizer-3.4.2-cp311-cp311-manylinux_2_17_x86_64.manylinux2014_x86_64.whl", hash = "sha256:fdb20a30fe1175ecabed17cbf7812f7b804b8a315a25f24678bcdf120a90077f"},
    {file = "charset_normalizer-3.4.2-cp311-cp311-manylinux_2_5_i686.manylinux1_i686.manylinux_2_17_i686.manylinux2014_i686.whl", hash = "sha256:0f5d9ed7f254402c9e7d35d2f5972c9bbea9040e99cd2861bd77dc68263277c7"},
    {file = "charset_normalizer-3.4.2-cp311-cp311-musllinux_1_2_aarch64.whl", hash = "sha256:efd387a49825780ff861998cd959767800d54f8308936b21025326de4b5a42b9"},
    {file = "charset_normalizer-3.4.2-cp311-cp311-musllinux_1_2_i686.whl", hash = "sha256:f0aa37f3c979cf2546b73e8222bbfa3dc07a641585340179d768068e3455e544"},
    {file = "charset_normalizer-3.4.2-cp311-cp311-musllinux_1_2_ppc64le.whl", hash = "sha256:e70e990b2137b29dc5564715de1e12701815dacc1d056308e2b17e9095372a82"},
    {file = "charset_normalizer-3.4.2-cp311-cp311-musllinux_1_2_s390x.whl", hash = "sha256:0c8c57f84ccfc871a48a47321cfa49ae1df56cd1d965a09abe84066f6853b9c0"},
    {file = "charset_normalizer-3.4.2-cp311-cp311-musllinux_1_2_x86_64.whl", hash = "sha256:6b66f92b17849b85cad91259efc341dce9c1af48e2173bf38a85c6329f1033e5"},
    {file = "charset_normalizer-3.4.2-cp311-cp311-win32.whl", hash = "sha256:daac4765328a919a805fa5e2720f3e94767abd632ae410a9062dff5412bae65a"},
    {file = "charset_normalizer-3.4.2-cp311-cp311-win_amd64.whl", hash = "sha256:e53efc7c7cee4c1e70661e2e112ca46a575f90ed9ae3fef200f2a25e954f4b28"},
    {file = "charset_normalizer-3.4.2-py3-none-any.whl", hash = "sha256:7f56930ab0abd1c45cd15be65cc741c28b1c9a34876ce8c17a2fa107810c0af0"},
    {file = "charset_normalizer-3.4.2.tar.gz", hash = "sha256:5baececa9ecba31eff645232d59845c07aa030f0c81ee70184a90d35099a0e63"},
]

[[package]]
name = "gevent"
version = "25.5.1"
requires_python = ">=3.9"
summary = "Coroutine-based network library"
groups = ["default"]
dependencies = [
    "cffi>=1.17.1; platform_python_implementation == \"CPython\" and sys_platform == \"win32\"",
    "greenlet>=3.2.2; platform_python_implementation == \"CPython\"",
    "zope-event",
    "zope-interface",
]
files = [
    {file = "gevent-25.5.1-cp311-cp311-macosx_11_0_universal2.whl", hash = "sha256:12380aba5c316e9ff53cc21d8ab80f4a91c0df3ada58f65d4f5eb2cf693db00e"},
    {file = "gevent-25.5.1-cp311-cp311-manylinux_2_17_aarch64.manylinux2014_aarch64.whl", hash = "sha256:7f0694daab1a041b69a53f53c2141c12994892b2503870515cabe6a5dbd2a928"},
    {file = "gevent-25.5.1-cp311-cp311-manylinux_2_17_ppc64le.manylinux2014_ppc64le.whl", hash = "sha256:2797885e9aeffdc98e1846723e5aa212e7ce53007dbef40d6fd2add264235c41"},
    {file = "gevent-25.5.1-cp311-cp311-manylinux_2_17_s390x.manylinux2014_s390x.whl", hash = "sha256:cde6aaac36b54332e10ea2a5bc0de6a8aba6c205c92603fe4396e3777c88e05d"},
    {file = "gevent-25.5.1-cp311-cp311-manylinux_2_17_x86_64.manylinux2014_x86_64.whl", hash = "sha256:24484f80f14befb8822bf29554cfb3a26a26cb69cd1e5a8be9e23b4bd7a96e25"},
    {file = "gevent-25.5.1-cp311-cp311-musllinux_1_2_aarch64.whl", hash = "sha256:8fdc7446895fa184890d8ca5ea61e502691114f9db55c9b76adc33f3086c4368"},
    {file = "gevent-25.5.1-cp311-cp311-musllinux_1_2_x86_64.whl", hash = "sha256:5b6106e2414b1797133786258fa1962a5e836480e4d5e861577f9fc63b673a5a"},
    {file = "gevent-25.5.1-cp311-cp311-win_amd64.whl", hash = "sha256:bc899212d90f311784c58938a9c09c59802fb6dc287a35fabdc36d180f57f575"},
    {file = "gevent-25.5.1.tar.gz", hash = "sha256:582c948fa9a23188b890d0bc130734a506d039a2e5ad87dae276a456cc683e61"},
]

[[package]]
name = "greenlet"
version = "3.2.3"
requires_python = ">=3.9"
summary = "Lightweight in-process concurrent programming"
groups = ["default"]
marker = "platform_python_implementation == \"CPython\""
files = [
    {file = "greenlet-3.2.3-cp311-cp311-macosx_11_0_universal2.whl", hash = "sha256:784ae58bba89fa1fa5733d170d42486580cab9decda3484779f4759345b29822"},
    {file = "greenlet-3.2.3-cp311-cp311-manylinux2014_aarch64.manylinux_2_17_aarch64.whl", hash = "sha256:0921ac4ea42a5315d3446120ad48f90c3a6b9bb93dd9b3cf4e4d84a66e42de83"},
    {file = "greenlet-3.2.3-cp311-cp311-manylinux2014_ppc64le.manylinux_2_17_ppc64le.whl", hash = "sha256:d2971d93bb99e05f8c2c0c2f4aa9484a18d98c4c3bd3c62b65b7e6ae33dfcfaf"},
    {file = "greenlet-3.2.3-cp311-cp311-manylinux2014_s390x.manylinux_2_17_s390x.whl", hash = "sha256:c667c0bf9d406b77a15c924ef3285e1e05250948001220368e039b6aa5b5034b"},
    {file = "greenlet-3.2.3-cp311-cp311-manylinux2014_x86_64.manylinux_2_17_x86_64.whl", hash = "sha256:592c12fb1165be74592f5de0d70f82bc5ba552ac44800d632214b76089945147"},
    {file = "greenlet-3.2.3-cp311-cp311-manylinux_2_24_x86_64.manylinux_2_28_x86_64.whl", hash = "sha256:29e184536ba333003540790ba29829ac14bb645514fbd7e32af331e8202a62a5"},
    {file = "greenlet-3.2.3-cp311-cp311-musllinux_1_1_aarch64.whl", hash = "sha256:93c0bb79844a367782ec4f429d07589417052e621aa39a5ac1fb99c5aa308edc"},
    {file = "greenlet-3.2.3-cp311-cp311-musllinux_1_1_x86_64.whl", hash = "sha256:751261fc5ad7b6705f5f76726567375bb2104a059454e0226e1eef6c756748ba"},
    {file = "greenlet-3.2.3-cp311-cp311-win_amd64.whl", hash = "sha256:83a8761c75312361aa2b5b903b79da97f13f556164a7dd2d5448655425bd4c34"},
    {file = "greenlet-3.2.3.tar.gz", hash = "sha256:8b0dd8ae4c0d6f5e54ee55ba935eeb3d735a9b58a8a1e5b5cbab64e01a39f365"},
]

[[package]]
name = "gunicorn"
version = "23.0.0"
requires_python = ">=3.7"
summary = "WSGI HTTP Server for UNIX"
groups = ["dev"]
dependencies = [
    "importlib-metadata; python_version < \"3.8\"",
    "packaging",
]
files = [
    {file = "gunicorn-23.0.0-py3-none-any.whl", hash = "sha256:ec400d38950de4dfd418cff8328b2c8faed0edb0d517d3394e457c317908ca4d"},
    {file = "gunicorn-23.0.0.tar.gz", hash = "sha256:f014447a0101dc57e294f6c18ca6b40227a4c90e9bdb586042628030cba004ec"},
]

[[package]]
name = "idna"
version = "3.10"
requires_python = ">=3.6"
summary = "Internationalized Domain Names in Applications (IDNA)"
groups = ["default"]
files = [
    {file = "idna-3.10-py3-none-any.whl", hash = "sha256:946d195a0d259cbba61165e88e65941f16e9b36ea6ddb97f00452bae8b1287d3"},
    {file = "idna-3.10.tar.gz", hash = "sha256:12f65c9b470abda6dc35cf8e63cc574b1c52b11df2c86030af0ac09b01b13ea9"},
]

[[package]]
name = "msgpack"
version = "1.1.1"
requires_python = ">=3.8"
summary = "MessagePack serializer"
groups = ["default"]
files = [
    {file = "msgpack-1.1.1-cp311-cp311-macosx_10_9_x86_64.whl", hash = "sha256:71ef05c1726884e44f8b1d1773604ab5d4d17729d8491403a705e649116c9558"},
    {file = "msgpack-1.1.1-cp311-cp311-macosx_11_0_arm64.whl", hash = "sha256:36043272c6aede309d29d56851f8841ba907a1a3d04435e43e8a19928e243c1d"},
    {file = "msgpack-1.1.1-cp311-cp311-manylinux_2_17_aarch64.manylinux2014_aarch64.whl", hash = "sha256:a32747b1b39c3ac27d0670122b57e6e57f28eefb725e0b625618d1b59bf9d1e0"},
    {file = "msgpack-1.1.1-cp311-cp311-manylinux_2_17_x86_64.manylinux2014_x86_64.whl", hash = "sha256:8a8b10fdb84a43e50d38057b06901ec9da52baac6983d3f709d8507f3889d43f"},
    {file = "msgpack-1.1.1-cp311-cp311-manylinux_2_5_i686.manylinux1_i686.manylinux_2_17_i686.manylinux2014_i686.whl", hash = "sha256:ba0c325c3f485dc54ec298d8b024e134acf07c10d494ffa24373bea729acf704"},
    {file = "msgpack-1.1.1-cp311-cp311-musllinux_1_2_aarch64.whl", hash = "sha256:88daaf7d146e48ec71212ce21109b66e06a98e5e44dca47d853cbfe171d6c8d2"},
    {file = "msgpack-1.1.1-cp311-cp311-musllinux_1_2_i686.whl", hash = "sha256:d8b55ea20dc59b181d3f47103f113e6f28a5e1c89fd5b67b9140edb442ab67f2"},
    {file = "msgpack-1.1.1-cp311-cp311-musllinux_1_2_x86_64.whl", hash = "sha256:4a28e8072ae9779f20427af07f53bbb8b4aa81151054e882aee333b158da8752"},
    {file = "msgpack-1.1.1-cp311-cp311-win32.whl", hash = "sha256:7da8831f9a0fdb526621ba09a281fadc58ea12701bc709e7b8cbc362feabc295"},
    {file = "msgpack-1.1.1-cp311-cp311-win_amd64.whl", hash = "sha256:5fd1b58e1431008a57247d6e7cc4faa41c3607e8e7d4aaf81f7c29ea013cb458"},
    {file = "msgpack-1.1.1.tar.gz", hash = "sha256:77b79ce34a2bdab2594f490c8e80dd62a02d650b91a75159a63ec413b8d104cd"},
]

[[package]]
name = "orjson"
version = "3.11.1"
requires_python = ">=3.9"
summary = "Fast, correct Python JSON library supporting dataclasses, datetimes, and numpy"
groups = ["default"]
files = [
    {file = "orjson-3.11.1-cp311-cp311-macosx_10_15_x86_64.macosx_11_0_arm64.macosx_10_15_universal2.whl", hash = "sha256:15e2a57ce3b57c1a36acffcc02e823afefceee0a532180c2568c62213c98e3ef"},
    {file = "orjson-3.11.1-cp311-cp311-macosx_15_0_arm64.whl", hash = "sha256:17040a83ecaa130474af05bbb59a13cfeb2157d76385556041f945da936b1afd"},
    {file = "orjson-3.11.1-cp311-cp311-manylinux_2_17_aarch64.manylinux2014_aarch64.whl", hash = "sha256:1a68f23f09e5626cc0867a96cf618f68b91acb4753d33a80bf16111fd7f9928c"},
    {file = "orjson-3.11.1-cp311-cp311-manylinux_2_17_armv7l.manylinux2014_armv7l.whl", hash = "sha256:47e07528bb6ccbd6e32a55e330979048b59bfc5518b47c89bc7ab9e3de15174a"},
    {file = "orjson-3.11.1-cp311-cp311-manylinux_2_17_i686.manylinux2014_i686.whl", hash = "sha256:f3807cce72bf40a9d251d689cbec28d2efd27e0f6673709f948f971afd52cb09"},
    {file = "orjson-3.11.1-cp311-cp311-manylinux_2_17_ppc64le.manylinux2014_ppc64le.whl", hash = "sha256:5b2dc7e88da4ca201c940f5e6127998d9e89aa64264292334dad62854bc7fc27"},
    {file = "orjson-3.11.1-cp311-cp311-manylinux_2_17_s390x.manylinux2014_s390x.whl", hash = "sha256:3091dad33ac9e67c0a550cfff8ad5be156e2614d6f5d2a9247df0627751a1495"},
    {file = "orjson-3.11.1-cp311-cp311-manylinux_2_17_x86_64.manylinux2014_x86_64.whl", hash = "sha256:0ed0fce2307843b79a0c83de49f65b86197f1e2310de07af9db2a1a77a61ce4c"},
    {file = "orjson-3.11.1-cp311-cp311-musllinux_1_2_aarch64.whl", hash = "sha256:5a31e84782a18c30abd56774c0cfa7b9884589f4d37d9acabfa0504dad59bb9d"},
    {file = "orjson-3.11.1-cp311-cp311-musllinux_1_2_armv7l.whl", hash = "sha256:26b6c821abf1ae515fbb8e140a2406c9f9004f3e52acb780b3dee9bfffddbd84"},
    {file = "orjson-3.11.1-cp311-cp311-musllinux_1_2_i686.whl", hash = "sha256:f857b3d134b36a8436f1e24dcb525b6b945108b30746c1b0b556200b5cb76d39"},
    {file = "orjson-3.11.1-cp311-cp311-musllinux_1_2_x86_64.whl", hash = "sha256:df146f2a14116ce80f7da669785fcb411406d8e80136558b0ecda4c924b9ac55"},
    {file = "orjson-3.11.1-cp311-cp311-win32.whl", hash = "sha256:d777c57c1f86855fe5492b973f1012be776e0398571f7cc3970e9a58ecf4dc17"},
    {file = "orjson-3.11.1-cp311-cp311-win_amd64.whl", hash = "sha256:e9a5fd589951f02ec2fcb8d69339258bbf74b41b104c556e6d4420ea5e059313"},
    {file = "orjson-3.11.1-cp311-cp311-win_arm64.whl", hash = "sha256:4cddbe41ee04fddad35d75b9cf3e3736ad0b80588280766156b94783167777af"},
    {file = "orjson-3.11.1.tar.gz", hash = "sha256:48d82770a5fd88778063604c566f9c7c71820270c9cc9338d25147cbf34afd96"},
]

[[package]]
name = "packaging"
version = "25.0"
requires_python = ">=3.8"
summary = "Core utilities for Python packages"
groups = ["dev"]
files = [
    {file = "packaging-25.0-py3-none-any.whl", hash = "sha256:29572ef2b1f17581046b3a2227d5c611fb25ec70ca1ba8554b24b0e69331a484"},
    {file = "packaging-25.0.tar.gz", hash = "sha256:d443872c98d677bf60f6a1f2f8c1cb748e8fe762d2bf9d3148b5599295b0fc4f"},
]

[[package]]
name = "pycparser"
version = "2.22"
requires_python = ">=3.8"
summary = "C parser in Python"
groups = ["default"]
marker = "platform_python_implementation == \"CPython\" and sys_platform == \"win32\""
files = [
    {file = "pycparser-2.22-py3-none-any.whl", hash = "sha256:c3702b6d3dd8c7abc1afa565d7e63d53a1d0bd86cdc24edd75470f4de499cfcc"},
    {file = "pycparser-2.22.tar.gz", hash = "sha256:491c8be9c040f5390f5bf44a5b07752bd07f56edf992381b05c701439eec10f6"},
]

[[package]]
name = "redis"
version = "6.2.0"
requires_python = ">=3.9"
summary = "Python client for Redis database and key-value store"
groups = ["default"]
dependencies = [
    "async-timeout>=4.0.3; python_full_version < \"3.11.3\"",
]
files = [
    {file = "redis-6.2.0-py3-none-any.whl", hash = "sha256:c8ddf316ee0aab65f04a11229e94a64b2618451dab7a67cb2f77eb799d872d5e"},
    {file = "redis-6.2.0.tar.gz", hash = "sha256:e821f129b75dde6cb99dd35e5c76e8c49512a5a0d8dfdc560b2fbd44b85ca977"},
]

[[package]]
name = "requests"
version = "2.32.4"
requires_python = ">=3.8"
summary = "Python HTTP for Humans."
groups = ["default"]
dependencies = [
    "certifi>=2017.4.17",
    "charset-normalizer<4,>=2",
    "idna<4,>=2.5",
    "urllib3<3,>=1.21.1",
]
files = [
    {file = "requests-2.32.4-py3-none-any.whl", hash = "sha256:27babd3cda2a6d50b30443204ee89830707d396671944c998b5975b031ac2b2c"},
    {file = "requests-2.32.4.tar.gz", hash = "sha256:27d0316682c8a29834d3264820024b62a36942083d52caf2f14c0591336d3422"},
]

[[package]]
name = "setuptools"
version = "80.9.0"
requires_python = ">=3.9"
summary = "Easily download, build, install, upgrade, and uninstall Python packages"
groups = ["default"]
files = [
    {file = "setuptools-80.9.0-py3-none-any.whl", hash = "sha256:062d34222ad13e0cc312a4c02d73f059e86a4acbfbdea8f8f76b28c99f306922"},
    {file = "setuptools-80.9.0.tar.gz", hash = "sha256:f36b47402ecde768dbfafc46e8e4207b4360c654f1f3bb84475f0a28628fb19c"},
]

[[package]]
name = "urllib3"
version = "2.5.0"
requires_python = ">=3.9"
summary = "HTTP library with thread-safe connection pooling, file post, and more."
groups = ["default"]
files = [
    {file = "urllib3-2.5.0-py3-none-any.whl", hash = "sha256:e6b01673c0fa6a13e374b50871808eb3bf7046c4b125b216f6bf1cc604cff0dc"},
    {file = "urllib3-2.5.0.tar.gz", hash = "sha256:3fc47733c7e419d4bc3f6b3dc2b4f890bb743906a30d56ba4a5bfa4bbff92760"},
]

[[package]]
name = "zope-event"
version = "5.1.1"
requires_python = ">=3.9"
summary = "Very basic event publishing system"
groups = ["default"]
dependencies = [
    "setuptools>=75.8.2",
]
files = [
    {file = "zope_event-5.1.1-py3-none-any.whl", hash = "sha256:8d5ea7b992c42ce73a6fa9c2ba99a004c52cd9f05d87f3220768ef0329b92df7"},
    {file = "zope_event-5.1.1.tar.gz", hash = "sha256:c1ac931abf57efba71a2a313c5f4d57768a19b15c37e3f02f50eb1536be12d4e"},
]

[[package]]
name = "zope-interface"
version = "7.2"
requires_python = ">=3.8"
summary = "Interfaces for Python"
groups = ["default"]
dependencies = [
    "setuptools",
]
files = [
    {file = "zope.interface-7.2-cp311-cp311-macosx_10_9_x86_64.whl", hash = "sha256:1909f52a00c8c3dcab6c4fad5d13de2285a4b3c7be063b239b8dc15ddfb73bd2"},
    {file = "zope.interface-7.2-cp311-cp311-macosx_11_0_arm64.whl", hash = "sha256:80ecf2451596f19fd607bb09953f426588fc1e79e93f5968ecf3367550396b22"},
    {file = "zope.interface-7.2-cp311-cp311-manylinux_2_17_aarch64.manylinux2014_aarch64.whl", hash = "sha256:033b3923b63474800b04cba480b70f6e6243a62208071fc148354f3f89cc01b7"},
    {file = "zope.interface-7.2-cp311-cp311-manylinux_2_5_i686.manylinux1_i686.manylinux_2_17_i686.manylinux2014_i686.whl", hash = "sha256:a102424e28c6b47c67923a1f337ede4a4c2bba3965b01cf707978a801fc7442c"},
    {file = "zope.interface-7.2-cp311-cp311-manylinux_2_5_x86_64.manylinux1_x86_64.manylinux_2_17_x86_64.manylinux2014_x86_64.whl", hash = "sha256:25e6a61dcb184453bb00eafa733169ab6d903e46f5c2ace4ad275386f9ab327a"},
    {file = "zope.interface-7.2-cp311-cp311-win_amd64.whl", hash = "sha256:3f6771d1647b1fc543d37640b45c06b34832a943c80d1db214a37c31161a93f1"},
    {file = "zope.interface-7.2.tar.gz", hash = "sha256:8b49f1a3d1ee4cdaf5b32d2e738362c7f5e40ac8b46dd7d1a65e82a4872728fe"},
]
